
Microsoft Visual Studio Solution File, Format Version 12.00
# Visual Studio Version 17
VisualStudioVersion = 17.7.34221.43
MinimumVisualStudioVersion = 10.0.40219.1
Project("{FAE04EC0-301F-11D3-BF4B-00C04F79EFBC}") = "SquareLibrary", "SquareLibrary\SquareLibrary.csproj", "{B28FA198-57CB-4297-8D32-4A7E2BF6C589}"
EndProject
Global
	GlobalSection(SolutionConfigurationPlatforms) = preSolution
		Debug|Any CPU = Debug|Any CPU
		Release|Any CPU = Release|Any CPU
	EndGlobalSection
	GlobalSection(ProjectConfigurationPlatforms) = postSolution
		{B28FA198-57CB-4297-8D32-4A7E2BF6C589}.Debug|Any CPU.ActiveCfg = Debug|Any CPU
		{B28FA198-57CB-4297-8D32-4A7E2BF6C589}.Debug|Any CPU.Build.0 = Debug|Any CPU
		{B28FA198-57CB-4297-8D32-4A7E2BF6C589}.Release|Any CPU.ActiveCfg = Release|Any CPU
		{B28FA198-57CB-4297-8D32-4A7E2BF6C589}.Release|Any CPU.Build.0 = Release|Any CPU
	EndGlobalSection
	GlobalSection(SolutionProperties) = preSolution
		HideSolutionNode = FALSE
	EndGlobalSection
	GlobalSection(ExtensibilityGlobals) = postSolution
		SolutionGuid = {7F05573E-327E-40A5-81A1-8419D93D78A8}
	EndGlobalSection
EndGlobal
